{
  "requires": true,
  "lockfileVersion": 1,
  "dependencies": {
    "@types/node": {
      "version": "10.11.3",
      "resolved": "https://registry.npmjs.org/@types/node/-/node-10.11.3.tgz",
      "integrity": "sha512-3AvcEJAh9EMatxs+OxAlvAEs7OTy6AG94mcH1iqyVDwVVndekLxzwkWQ/Z4SDbY6GO2oyUXyWW8tQ4rENSSQVQ=="
    },
    "@types/npm": {
      "version": "2.0.29",
      "resolved": "https://registry.npmjs.org/@types/npm/-/npm-2.0.29.tgz",
      "integrity": "sha512-McqGDdeT1tSMu8sPaL0ya7xBwojQYKGVwCrlPNBcaF+o+H4wLNH03nYRTfycU11Xdu8eziEb4cgdGmu4VF/NWA==",
      "requires": {
        "@types/node": "*"
      }
    },
    "netpack-requirejs": {
      "version": "0.0.2",
      "resolved": "https://registry.npmjs.org/netpack-requirejs/-/netpack-requirejs-0.0.2.tgz",
      "integrity": "sha1-zJJnIuRuIbRSqB2tm6mp053rlII=",
      "requires": {
        "requirejs-memfiles": "^2.1.15-3"
      }
    },
    "netpack-typescript-compiler": {
      "version": "0.0.7",
      "resolved": "https://registry.npmjs.org/netpack-typescript-compiler/-/netpack-typescript-compiler-0.0.7.tgz",
      "integrity": "sha512-zzvjW9HABMixGbnQXXQFW473cpdIYc2ZKcVExsBBkAjdooSMJuX9IRKGDMmZO7AqZwuUNvPFlII8QAI6OirDCA==",
      "requires": {
        "@types/npm": "^2.0.29",
        "typescript": "^3.1.1"
      }
    },
    "requirejs": {
      "version": "2.1.15",
      "resolved": "https://registry.npmjs.org/requirejs/-/requirejs-2.1.15.tgz",
      "integrity": "sha1-y8/OVdWErlmDwAog2qjq3jfRiJI="
    },
    "requirejs-memfiles": {
      "version": "2.1.15-3",
      "resolved": "https://registry.npmjs.org/requirejs-memfiles/-/requirejs-memfiles-2.1.15-3.tgz",
      "integrity": "sha1-LUTjE5cb4BaIOV8WADqzPZk03z8=",
      "requires": {
        "requirejs": "2.1.15"
      }
    },
    "typescript": {
      "version": "3.1.1",
      "resolved": "https://registry.npmjs.org/typescript/-/typescript-3.1.1.tgz",
      "integrity": "sha512-Veu0w4dTc/9wlWNf2jeRInNodKlcdLgemvPsrNpfu5Pq39sgfFjvIIgTsvUHCoLBnMhPoUA+tFxsXjU6VexVRQ=="
    }
  }
}
