{
  "name": "NetPack.Web",
  "lockfileVersion": 3,
  "requires": true,
  "packages": {
    "": {
      "dependencies": {
        "module-lookup-amd": "5.0.1",
        "netpack-requirejs": "0.0.2",
        "netpack-rollup": "1.0.18",
        "netpack-typescript-compiler": "0.0.7",
        "rollup": "0.66.2",
        "rollup-plugin-amd": "3.0.0",
        "rollup-plugin-hypothetical": "2.1.0",
        "typescript": "3.1.1"
      }
    },
    "node_modules/@buxlabs/amd-to-es6": {
      "version": "0.12.5",
      "resolved": "https://registry.npmjs.org/@buxlabs/amd-to-es6/-/amd-to-es6-0.12.5.tgz",
      "integrity": "sha512-RaZQrUhSl+IPIn3tBdMlDAb20jcWcBGQpnmUth9Jf9Bx1c7zGPQAxTzuag5UBLGBEBAKGr5fxvwGGdF+C/mDjQ==",
      "license": "MIT",
      "dependencies": {
        "@buxlabs/ast": "^0.9.5",
        "@buxlabs/utils": "^2.2.2",
        "array-uniq": "^1.0.3",
        "commander": "^2.13.0",
        "glob": "^7.1.2",
        "mkdirp": "^0.5.1"
      },
      "bin": {
        "amdtoes6": "bin/cli.js"
      },
      "engines": {
        "node": ">=8.11.4"
      }
    },
    "node_modules/@buxlabs/ast": {
      "version": "0.9.6",
      "resolved": "https://registry.npmjs.org/@buxlabs/ast/-/ast-0.9.6.tgz",
      "integrity": "sha512-1fKAxOU/c3uLa0mQL2jrNqv0QkcMJMnDfze/N5HeIh3DWtl9Q8PfOskuGa+zZb/EZEwLLNACmHbIUTvfM0Ogsw==",
      "license": "MIT",
      "dependencies": {
        "comparify": "^0.2.0",
        "escodegen": "^1.9.0",
        "espree": "^3.5.1",
        "esquery": "^1.0.0",
        "estemplate": "^0.5.1",
        "estraverse": "^4.2.0",
        "prettier": "^1.7.4",
        "to-ast": "^1.0.0"
      },
      "engines": {
        "node": ">=4.0.0"
      }
    },
    "node_modules/@buxlabs/utils": {
      "version": "2.3.4",
      "resolved": "https://registry.npmjs.org/@buxlabs/utils/-/utils-2.3.4.tgz",
      "integrity": "sha512-XtGxRNCQFf0Ed5aXSsjJWdZfs8o4eFBNqtXyFvyiAQ/8/W+YfkTAgwbBUHECSd4qOxgOXI5iQcYDn21rEN7TMw==",
      "license": "MIT",
      "engines": {
        "node": ">=4.0.0",
        "npm": ">= 3.0.0"
      }
    },
    "node_modules/@types/estree": {
      "version": "0.0.39",
      "resolved": "https://registry.npmjs.org/@types/estree/-/estree-0.0.39.tgz",
      "integrity": "sha512-EYNwp3bU+98cpU4lAWYYL7Zz+2gryWH1qbdDTidVd6hkiR6weksdbMadyXKXNPEkQFhXM+hVO9ZygomHXp+AIw==",
      "license": "MIT"
    },
    "node_modules/@types/mocha": {
      "version": "5.2.7",
      "resolved": "https://registry.npmjs.org/@types/mocha/-/mocha-5.2.7.tgz",
      "integrity": "sha512-NYrtPht0wGzhwe9+/idPaBB+TqkY9AhTvOLMkThm0IoEfLaiVQZwBwyJ5puCkO3AUCWrmcoePjp2mbFocKy4SQ==",
      "license": "MIT"
    },
    "node_modules/@types/node": {
      "version": "24.10.1",
      "resolved": "https://registry.npmjs.org/@types/node/-/node-24.10.1.tgz",
      "integrity": "sha512-GNWcUTRBgIRJD5zj+Tq0fKOJ5XZajIiBroOF0yvj2bSU1WvNdYS/dn9UxwsujGW4JX06dnHyjV2y9rRaybH0iQ==",
      "license": "MIT",
      "dependencies": {
        "undici-types": "~7.16.0"
      }
    },
    "node_modules/@types/npm": {
      "version": "2.0.32",
      "resolved": "https://registry.npmjs.org/@types/npm/-/npm-2.0.32.tgz",
      "integrity": "sha512-9Lg4woNVzJCtac0lET91H65lbO+8YXfk0nmlmoPGhHXMdaVEDloH6zOPIYMy2n39z/aCXXQR0nax66EDekAyIQ==",
      "license": "MIT",
      "dependencies": {
        "@types/node": "*"
      }
    },
    "node_modules/@types/pretty-bytes": {
      "version": "5.1.0",
      "resolved": "https://registry.npmjs.org/@types/pretty-bytes/-/pretty-bytes-5.1.0.tgz",
      "integrity": "sha512-rc7x/HkZyguytBsCUVvcdARplUf0DsrRXqv3yO0v0CIgXuuwNlgYZRfYGCFHxr1CTnKHjCIJ13tB9t49ZixOIw==",
      "license": "MIT"
    },
    "node_modules/acorn": {
      "version": "5.7.4",
      "resolved": "https://registry.npmjs.org/acorn/-/acorn-5.7.4.tgz",
      "integrity": "sha512-1D++VG7BhrtvQpNbBzovKNc1FLGGEE/oGe7b9xJm/RFHMBeUaUGpluV9RLjZa47YFdPcDAenEYuq9pQPcMdLJg==",
      "license": "MIT",
      "bin": {
        "acorn": "bin/acorn"
      },
      "engines": {
        "node": ">=0.4.0"
      }
    },
    "node_modules/acorn-jsx": {
      "version": "3.0.1",
      "resolved": "https://registry.npmjs.org/acorn-jsx/-/acorn-jsx-3.0.1.tgz",
      "integrity": "sha512-AU7pnZkguthwBjKgCg6998ByQNIMjbuDQZ8bb78QAFZwPfmKia8AIzgY/gWgqCjnht8JLdXmB4YxA0KaV60ncQ==",
      "license": "MIT",
      "dependencies": {
        "acorn": "^3.0.4"
      }
    },
    "node_modules/acorn-jsx/node_modules/acorn": {
      "version": "3.3.0",
      "resolved": "https://registry.npmjs.org/acorn/-/acorn-3.3.0.tgz",
      "integrity": "sha512-OLUyIIZ7mF5oaAUT1w0TFqQS81q3saT46x8t7ukpPjMNk+nbs4ZHhs7ToV8EWnLYLepjETXd4XaCE4uxkMeqUw==",
      "license": "MIT",
      "bin": {
        "acorn": "bin/acorn"
      },
      "engines": {
        "node": ">=0.4.0"
      }
    },
    "node_modules/array-uniq": {
      "version": "1.0.3",
      "resolved": "https://registry.npmjs.org/array-uniq/-/array-uniq-1.0.3.tgz",
      "integrity": "sha512-MNha4BWQ6JbwhFhj03YK552f7cb3AzoE8SzeljgChvL1dl3IcvggXVz1DilzySZkCja+CXuZbdW7yATchWn8/Q==",
      "license": "MIT",
      "engines": {
        "node": ">=0.10.0"
      }
    },
    "node_modules/ast-types": {
      "version": "0.7.8",
      "resolved": "https://registry.npmjs.org/ast-types/-/ast-types-0.7.8.tgz",
      "integrity": "sha512-RIOpVnVlltB6PcBJ5BMLx+H+6JJ/zjDGU0t7f0L6c2M1dqcK92VQopLBlPQ9R80AVXelfqYgjcPLtHtDbNFg0Q==",
      "license": "MIT",
      "engines": {
        "node": ">= 0.6"
      }
    },
    "node_modules/balanced-match": {
      "version": "1.0.2",
      "resolved": "https://registry.npmjs.org/balanced-match/-/balanced-match-1.0.2.tgz",
      "integrity": "sha512-3oSeUO0TMV67hN1AmbXsK4yaqU7tjiHlbxRDZOpH0KW9+CeX4bRAaX0Anxt0tx2MrpRpWwQaPwIlISEJhYU5Pw==",
      "license": "MIT"
    },
    "node_modules/brace-expansion": {
      "version": "1.1.12",
      "resolved": "https://registry.npmjs.org/brace-expansion/-/brace-expansion-1.1.12.tgz",
      "integrity": "sha512-9T9UjW3r0UW5c1Q7GTwllptXwhvYmEzFhzMfZ9H7FQWt+uZePjZPjBP/W1ZEyZ1twGWom5/56TF4lPcqjnDHcg==",
      "license": "MIT",
      "dependencies": {
        "balanced-match": "^1.0.0",
        "concat-map": "0.0.1"
      }
    },
    "node_modules/commander": {
      "version": "2.20.3",
      "resolved": "https://registry.npmjs.org/commander/-/commander-2.20.3.tgz",
      "integrity": "sha512-GpVkmM8vF2vQUkj2LvZmD35JxeJOLCwJ9cUkugyk2nuhbv3+mJvpLYYt+0+USMxE+oj+ey/lJEnhZw75x/OMcQ==",
      "license": "MIT"
    },
    "node_modules/comparify": {
      "version": "0.2.0",
      "resolved": "https://registry.npmjs.org/comparify/-/comparify-0.2.0.tgz",
      "integrity": "sha512-4sFRMAzu7Z9WCMG8RgmlwZWVMFeReD+N3k8kgwh9jzw1puHdvXv0CuBtfOYj9rXdKNAgOozdBEU7p+6Hm/GK9g==",
      "license": "MIT",
      "engines": {
        "node": ">=0.8"
      }
    },
    "node_modules/concat-map": {
      "version": "0.0.1",
      "resolved": "https://registry.npmjs.org/concat-map/-/concat-map-0.0.1.tgz",
      "integrity": "sha512-/Srv4dswyQNBfohGpz9o6Yb3Gz3SrUDqBH5rTuhGR7ahtlbYKnVxw2bCFMRljaA7EXHaXZ8wsHdodFvbkhKmqg==",
      "license": "MIT"
    },
    "node_modules/debug": {
      "version": "3.2.7",
      "resolved": "https://registry.npmjs.org/debug/-/debug-3.2.7.tgz",
      "integrity": "sha512-CFjzYYAi4ThfiQvizrFQevTTXHtnCqWfe7x1AhgEscTz6ZbLbfoLRLPugTQyBth6f8ZERVUSyWHFD/7Wu4t1XQ==",
      "license": "MIT",
      "dependencies": {
        "ms": "^2.1.1"
      }
    },
    "node_modules/deep-is": {
      "version": "0.1.4",
      "resolved": "https://registry.npmjs.org/deep-is/-/deep-is-0.1.4.tgz",
      "integrity": "sha512-oIPzksmTg4/MriiaYGO+okXDT7ztn/w3Eptv/+gSIdMdKsJo0u4CfYNFJPy+4SKMuCqGw2wxnA+URMg3t8a/bQ==",
      "license": "MIT"
    },
    "node_modules/escodegen": {
      "version": "1.14.3",
      "resolved": "https://registry.npmjs.org/escodegen/-/escodegen-1.14.3.tgz",
      "integrity": "sha512-qFcX0XJkdg+PB3xjZZG/wKSuT1PnQWx57+TVSjIMmILd2yC/6ByYElPwJnslDsuWuSAp4AwJGumarAAmJch5Kw==",
      "license": "BSD-2-Clause",
      "dependencies": {
        "esprima": "^4.0.1",
        "estraverse": "^4.2.0",
        "esutils": "^2.0.2",
        "optionator": "^0.8.1"
      },
      "bin": {
        "escodegen": "bin/escodegen.js",
        "esgenerate": "bin/esgenerate.js"
      },
      "engines": {
        "node": ">=4.0"
      },
      "optionalDependencies": {
        "source-map": "~0.6.1"
      }
    },
    "node_modules/espree": {
      "version": "3.5.4",
      "resolved": "https://registry.npmjs.org/espree/-/espree-3.5.4.tgz",
      "integrity": "sha512-yAcIQxtmMiB/jL32dzEp2enBeidsB7xWPLNiw3IIkpVds1P+h7qF9YwJq1yUNzp2OKXgAprs4F61ih66UsoD1A==",
      "license": "BSD-2-Clause",
      "dependencies": {
        "acorn": "^5.5.0",
        "acorn-jsx": "^3.0.0"
      },
      "engines": {
        "node": ">=0.10.0"
      }
    },
    "node_modules/esprima": {
      "version": "4.0.1",
      "resolved": "https://registry.npmjs.org/esprima/-/esprima-4.0.1.tgz",
      "integrity": "sha512-eGuFFw7Upda+g4p+QHvnW0RyTX/SVeJBDM/gCtMARO0cLuT2HcEKnTPvhjV6aGeqrCB/sbNop0Kszm0jsaWU4A==",
      "license": "BSD-2-Clause",
      "bin": {
        "esparse": "bin/esparse.js",
        "esvalidate": "bin/esvalidate.js"
      },
      "engines": {
        "node": ">=4"
      }
    },
    "node_modules/esquery": {
      "version": "1.6.0",
      "resolved": "https://registry.npmjs.org/esquery/-/esquery-1.6.0.tgz",
      "integrity": "sha512-ca9pw9fomFcKPvFLXhBKUK90ZvGibiGOvRJNbjljY7s7uq/5YO4BOzcYtJqExdx99rF6aAcnRxHmcUHcz6sQsg==",
      "license": "BSD-3-Clause",
      "dependencies": {
        "estraverse": "^5.1.0"
      },
      "engines": {
        "node": ">=0.10"
      }
    },
    "node_modules/esquery/node_modules/estraverse": {
      "version": "5.3.0",
      "resolved": "https://registry.npmjs.org/estraverse/-/estraverse-5.3.0.tgz",
      "integrity": "sha512-MMdARuVEQziNTeJD8DgMqmhwR11BRQ/cBP+pLtYdSTnf3MIO8fFeiINEbX36ZdNlfU/7A9f3gUw49B3oQsvwBA==",
      "license": "BSD-2-Clause",
      "engines": {
        "node": ">=4.0"
      }
    },
    "node_modules/estemplate": {
      "version": "0.5.1",
      "resolved": "https://registry.npmjs.org/estemplate/-/estemplate-0.5.1.tgz",
      "integrity": "sha512-Nlsn+0F3aRN3Pf6znsfy7VFGtR3pMNnjcbQa54eIJKRynDhHBjp9UwmAIbMDLjboKUMVs7wPut/azvFsH+yavw==",
      "license": "MIT",
      "dependencies": {
        "esprima": "^2.7.2",
        "estraverse": "^4.1.1"
      }
    },
    "node_modules/estemplate/node_modules/esprima": {
      "version": "2.7.3",
      "resolved": "https://registry.npmjs.org/esprima/-/esprima-2.7.3.tgz",
      "integrity": "sha512-OarPfz0lFCiW4/AV2Oy1Rp9qu0iusTKqykwTspGCZtPxmF81JR4MmIebvF1F9+UOKth2ZubLQ4XGGaU+hSn99A==",
      "license": "BSD-2-Clause",
      "bin": {
        "esparse": "bin/esparse.js",
        "esvalidate": "bin/esvalidate.js"
      },
      "engines": {
        "node": ">=0.10.0"
      }
    },
    "node_modules/estraverse": {
      "version": "4.3.0",
      "resolved": "https://registry.npmjs.org/estraverse/-/estraverse-4.3.0.tgz",
      "integrity": "sha512-39nnKffWz8xN1BU/2c79n9nB9HDzo0niYUqx6xyqUnyoAnQyyWpOTdZEeiCch8BBu515t4wp9ZmgVfVhn9EBpw==",
      "license": "BSD-2-Clause",
      "engines": {
        "node": ">=4.0"
      }
    },
    "node_modules/estree-walker": {
      "version": "0.6.1",
      "resolved": "https://registry.npmjs.org/estree-walker/-/estree-walker-0.6.1.tgz",
      "integrity": "sha512-SqmZANLWS0mnatqbSfRP5g8OXZC12Fgg1IwNtLsyHDzJizORW4khDfjPqJZsemPWBB2uqykUah5YpQ6epsqC/w==",
      "license": "MIT"
    },
    "node_modules/esutils": {
      "version": "2.0.3",
      "resolved": "https://registry.npmjs.org/esutils/-/esutils-2.0.3.tgz",
      "integrity": "sha512-kVscqXk4OCp68SZ0dkgEKVi6/8ij300KBWTJq32P/dYeWTSwK41WyTxalN1eRmA5Z9UU/LX9D7FWSmV9SAYx6g==",
      "license": "BSD-2-Clause",
      "engines": {
        "node": ">=0.10.0"
      }
    },
    "node_modules/fast-levenshtein": {
      "version": "2.0.6",
      "resolved": "https://registry.npmjs.org/fast-levenshtein/-/fast-levenshtein-2.0.6.tgz",
      "integrity": "sha512-DCXu6Ifhqcks7TZKY3Hxp3y6qphY5SJZmrWMDrKcERSOXWQdMhU9Ig/PYrzyw/ul9jOIyh0N4M0tbC5hodg8dw==",
      "license": "MIT"
    },
    "node_modules/file-exists": {
      "version": "2.0.0",
      "resolved": "https://registry.npmjs.org/file-exists/-/file-exists-2.0.0.tgz",
      "integrity": "sha512-xiDzGS+oe7RleGLItoPTKVj3DjKHiVANV6dEyWTt3yB08H/AHuyvjh0aZ8jISQ53yhyTWVLsDzhJ5IbvPciBjg==",
      "license": "MIT"
    },
    "node_modules/find": {
      "version": "0.2.9",
      "resolved": "https://registry.npmjs.org/find/-/find-0.2.9.tgz",
      "integrity": "sha512-7a4/LCiInB9xYMnAUEjLilL9FKclwbwK7VlXw+h5jMvT2TDFeYFCHM24O1XdnC/on/hx8mxVO3FTQkyHZnOghQ==",
      "license": "MIT",
      "dependencies": {
        "traverse-chain": "~0.1.0"
      }
    },
    "node_modules/fs.realpath": {
      "version": "1.0.0",
      "resolved": "https://registry.npmjs.org/fs.realpath/-/fs.realpath-1.0.0.tgz",
      "integrity": "sha512-OO0pH2lK6a0hZnAdau5ItzHPI6pUlvI7jMVnxUQRtw4owF2wk8lOSabtGDCTP4Ggrg2MbGnWO9X8K1t4+fGMDw==",
      "license": "ISC"
    },
    "node_modules/get-own-enumerable-property-symbols": {
      "version": "3.0.2",
      "resolved": "https://registry.npmjs.org/get-own-enumerable-property-symbols/-/get-own-enumerable-property-symbols-3.0.2.tgz",
      "integrity": "sha512-I0UBV/XOz1XkIJHEUDMZAbzCThU/H8DxmSfmdGcKPnVhu2VfFqr34jr9777IyaTYvxjedWhqVIilEDsCdP5G6g==",
      "license": "ISC"
    },
    "node_modules/glob": {
      "version": "7.2.3",
      "resolved": "https://registry.npmjs.org/glob/-/glob-7.2.3.tgz",
      "integrity": "sha512-nFR0zLpU2YCaRxwoCJvL6UvCH2JFyFVIvwTLsIf21AuHlMskA1hhTdk+LlYJtOlYt9v6dvszD2BGRqBL+iQK9Q==",
      "deprecated": "Glob versions prior to v9 are no longer supported",
      "license": "ISC",
      "dependencies": {
        "fs.realpath": "^1.0.0",
        "inflight": "^1.0.4",
        "inherits": "2",
        "minimatch": "^3.1.1",
        "once": "^1.3.0",
        "path-is-absolute": "^1.0.0"
      },
      "engines": {
        "node": "*"
      },
      "funding": {
        "url": "https://github.com/sponsors/isaacs"
      }
    },
    "node_modules/inflight": {
      "version": "1.0.6",
      "resolved": "https://registry.npmjs.org/inflight/-/inflight-1.0.6.tgz",
      "integrity": "sha512-k92I/b08q4wvFscXCLvqfsHCrjrF7yiXsQuIVvVE7N82W3+aqpzuUdBbfhWcy/FZR3/4IgflMgKLOsvPDrGCJA==",
      "deprecated": "This module is not supported, and leaks memory. Do not use it. Check out lru-cache if you want a good and tested way to coalesce async requests by a key value, which is much more comprehensive and powerful.",
      "license": "ISC",
      "dependencies": {
        "once": "^1.3.0",
        "wrappy": "1"
      }
    },
    "node_modules/inherits": {
      "version": "2.0.4",
      "resolved": "https://registry.npmjs.org/inherits/-/inherits-2.0.4.tgz",
      "integrity": "sha512-k/vGaX4/Yla3WzyMCvTQOXYeIHvqOKtnqBduzTHpzpQZzAskKMhZ2K+EnBiSM9zGSoIFeMpXKxa4dYeZIQqewQ==",
      "license": "ISC"
    },
    "node_modules/is-obj": {
      "version": "1.0.1",
      "resolved": "https://registry.npmjs.org/is-obj/-/is-obj-1.0.1.tgz",
      "integrity": "sha512-l4RyHgRqGN4Y3+9JHVrNqO+tN0rV5My76uW5/nuO4K1b6vw5G8d/cmFjP9tRfEsdhZNt0IFdZuK/c2Vr4Nb+Qg==",
      "license": "MIT",
      "engines": {
        "node": ">=0.10.0"
      }
    },
    "node_modules/is-regexp": {
      "version": "1.0.0",
      "resolved": "https://registry.npmjs.org/is-regexp/-/is-regexp-1.0.0.tgz",
      "integrity": "sha512-7zjFAPO4/gwyQAAgRRmqeEeyIICSdmCqa3tsVHMdBzaXXRiqopZL4Cyghg/XulGWrtABTpbnYYzzIRffLkP4oA==",
      "license": "MIT",
      "engines": {
        "node": ">=0.10.0"
      }
    },
    "node_modules/levn": {
      "version": "0.3.0",
      "resolved": "https://registry.npmjs.org/levn/-/levn-0.3.0.tgz",
      "integrity": "sha512-0OO4y2iOHix2W6ujICbKIaEQXvFQHue65vUG3pb5EUomzPI90z9hsA1VsO/dbIIpC53J8gxM9Q4Oho0jrCM/yA==",
      "license": "MIT",
      "dependencies": {
        "prelude-ls": "~1.1.2",
        "type-check": "~0.3.2"
      },
      "engines": {
        "node": ">= 0.8.0"
      }
    },
    "node_modules/make-dir": {
      "version": "2.1.0",
      "resolved": "https://registry.npmjs.org/make-dir/-/make-dir-2.1.0.tgz",
      "integrity": "sha512-LS9X+dc8KLxXCb8dni79fLIIUA5VyZoyjSMCwTluaXA0o27cCK0bhXkpgw+sTXVpPy/lSO57ilRixqk0vDmtRA==",
      "license": "MIT",
      "dependencies": {
        "pify": "^4.0.1",
        "semver": "^5.6.0"
      },
      "engines": {
        "node": ">=6"
      }
    },
    "node_modules/minimatch": {
      "version": "3.1.2",
      "resolved": "https://registry.npmjs.org/minimatch/-/minimatch-3.1.2.tgz",
      "integrity": "sha512-J7p63hRiAjw1NDEww1W7i37+ByIrOWO5XQQAzZ3VOcL0PNybwpfmV/N05zFAzwQ9USyEcX6t3UO+K5aqBQOIHw==",
      "license": "ISC",
      "dependencies": {
        "brace-expansion": "^1.1.7"
      },
      "engines": {
        "node": "*"
      }
    },
    "node_modules/minimist": {
      "version": "1.2.8",
      "resolved": "https://registry.npmjs.org/minimist/-/minimist-1.2.8.tgz",
      "integrity": "sha512-2yyAR8qBkN3YuheJanUpWC5U3bb5osDywNB8RzDVlDwDHbocAJveqqj1u8+SVD7jkWT4yvsHCpWqqWqAxb0zCA==",
      "license": "MIT",
      "funding": {
        "url": "https://github.com/sponsors/ljharb"
      }
    },
    "node_modules/mkdirp": {
      "version": "0.5.6",
      "resolved": "https://registry.npmjs.org/mkdirp/-/mkdirp-0.5.6.tgz",
      "integrity": "sha512-FP+p8RB8OWpF3YZBCrP5gtADmtXApB5AMLn+vdyA+PyxCjrCs00mjyUozssO33cwDeT3wNGdLxJ5M//YqtHAJw==",
      "license": "MIT",
      "dependencies": {
        "minimist": "^1.2.6"
      },
      "bin": {
        "mkdirp": "bin/cmd.js"
      }
    },
    "node_modules/module-lookup-amd": {
      "version": "5.0.1",
      "resolved": "https://registry.npmjs.org/module-lookup-amd/-/module-lookup-amd-5.0.1.tgz",
      "integrity": "sha512-rmljyiMrPqEfeOD1myMULVgnv1pRUqq1Dv/Xn0f9g36wCDWvqj07arG0fCEbKqU1sYFXptnaC1o+0oR7JpwOtg==",
      "license": "MIT",
      "dependencies": {
        "commander": "^2.8.1",
        "debug": "^3.1.0",
        "file-exists": "^2.0.0",
        "find": "^0.2.8",
        "requirejs": "^2.3.5",
        "requirejs-config-file": "^3.0.0"
      },
      "bin": {
        "lookup-amd": "bin/cli.js"
      },
      "engines": {
        "node": ">=4.0.0"
      }
    },
    "node_modules/ms": {
      "version": "2.1.3",
      "resolved": "https://registry.npmjs.org/ms/-/ms-2.1.3.tgz",
      "integrity": "sha512-6FlzubTLZG3J2a/NVCAleEhjzq5oxgHyaCU9yYXvcLsvoVaHJq/s5xXI6/XXP6tz7R9xAOtHnSO/tXtF3WRTlA==",
      "license": "MIT"
    },
    "node_modules/netpack-requirejs": {
      "version": "0.0.2",
      "resolved": "https://registry.npmjs.org/netpack-requirejs/-/netpack-requirejs-0.0.2.tgz",
      "integrity": "sha512-bDEnMrve0q5D2jVOMcaVSSVeUixLT0BO8XxwFOjWAiOdjW+DiBtX/rnmFw//8alpaPN3T+bdqHEL28xyDTT4Eg==",
      "dependencies": {
        "requirejs-memfiles": "^2.1.15-3"
      }
    },
    "node_modules/netpack-rollup": {
      "version": "1.0.18",
      "resolved": "https://registry.npmjs.org/netpack-rollup/-/netpack-rollup-1.0.18.tgz",
      "integrity": "sha512-KVP2kdh995SycZ5hYcFMxQS4gJrcjEodSag+wj0jVaqsn57udbR04WZSa72ANTKEE786P3QnvsvSmk1UB3LTSA==",
      "dependencies": {
        "@types/mocha": "^5.2.5",
        "@types/npm": "^2.0.29",
        "@types/pretty-bytes": "^5.1.0",
        "rollup": "^0.66.2",
        "rollup-plugin-hypothetical": "^2.1.0"
      }
    },
    "node_modules/netpack-typescript-compiler": {
      "version": "0.0.7",
      "resolved": "https://registry.npmjs.org/netpack-typescript-compiler/-/netpack-typescript-compiler-0.0.7.tgz",
      "integrity": "sha512-zzvjW9HABMixGbnQXXQFW473cpdIYc2ZKcVExsBBkAjdooSMJuX9IRKGDMmZO7AqZwuUNvPFlII8QAI6OirDCA==",
      "dependencies": {
        "@types/npm": "^2.0.29",
        "typescript": "^3.1.1"
      }
    },
    "node_modules/once": {
      "version": "1.4.0",
      "resolved": "https://registry.npmjs.org/once/-/once-1.4.0.tgz",
      "integrity": "sha512-lNaJgI+2Q5URQBkccEKHTQOPaXdUxnZZElQTZY0MFUAuaEqe1E+Nyvgdz/aIyNi6Z9MzO5dv1H8n58/GELp3+w==",
      "license": "ISC",
      "dependencies": {
        "wrappy": "1"
      }
    },
    "node_modules/optionator": {
      "version": "0.8.3",
      "resolved": "https://registry.npmjs.org/optionator/-/optionator-0.8.3.tgz",
      "integrity": "sha512-+IW9pACdk3XWmmTXG8m3upGUJst5XRGzxMRjXzAuJ1XnIFNvfhjjIuYkDvysnPQ7qzqVzLt78BCruntqRhWQbA==",
      "license": "MIT",
      "dependencies": {
        "deep-is": "~0.1.3",
        "fast-levenshtein": "~2.0.6",
        "levn": "~0.3.0",
        "prelude-ls": "~1.1.2",
        "type-check": "~0.3.2",
        "word-wrap": "~1.2.3"
      },
      "engines": {
        "node": ">= 0.8.0"
      }
    },
    "node_modules/path-is-absolute": {
      "version": "1.0.1",
      "resolved": "https://registry.npmjs.org/path-is-absolute/-/path-is-absolute-1.0.1.tgz",
      "integrity": "sha512-AVbw3UJ2e9bq64vSaS9Am0fje1Pa8pbGqTTsmXfaIiMpnr5DlDhfJOuLj9Sf95ZPVDAUerDfEk88MPmPe7UCQg==",
      "license": "MIT",
      "engines": {
        "node": ">=0.10.0"
      }
    },
    "node_modules/pify": {
      "version": "4.0.1",
      "resolved": "https://registry.npmjs.org/pify/-/pify-4.0.1.tgz",
      "integrity": "sha512-uB80kBFb/tfd68bVleG9T5GGsGPjJrLAUpR5PZIrhBnIaRTQRjqdJSsIKkOP6OAIFbj7GOrcudc5pNjZ+geV2g==",
      "license": "MIT",
      "engines": {
        "node": ">=6"
      }
    },
    "node_modules/prelude-ls": {
      "version": "1.1.2",
      "resolved": "https://registry.npmjs.org/prelude-ls/-/prelude-ls-1.1.2.tgz",
      "integrity": "sha512-ESF23V4SKG6lVSGZgYNpbsiaAkdab6ZgOxe52p7+Kid3W3u3bxR4Vfd/o21dmN7jSt0IwgZ4v5MUd26FEtXE9w==",
      "engines": {
        "node": ">= 0.8.0"
      }
    },
    "node_modules/prettier": {
      "version": "1.19.1",
      "resolved": "https://registry.npmjs.org/prettier/-/prettier-1.19.1.tgz",
      "integrity": "sha512-s7PoyDv/II1ObgQunCbB9PdLmUcBZcnWOcxDh7O0N/UwDEsHyqkW+Qh28jW+mVuCdx7gLB0BotYI1Y6uI9iyew==",
      "license": "MIT",
      "bin": {
        "prettier": "bin-prettier.js"
      },
      "engines": {
        "node": ">=4"
      }
    },
    "node_modules/requirejs": {
      "version": "2.3.7",
      "resolved": "https://registry.npmjs.org/requirejs/-/requirejs-2.3.7.tgz",
      "integrity": "sha512-DouTG8T1WanGok6Qjg2SXuCMzszOo0eHeH9hDZ5Y4x8Je+9JB38HdTLT4/VA8OaUhBa0JPVHJ0pyBkM1z+pDsw==",
      "license": "MIT",
      "bin": {
        "r_js": "bin/r.js",
        "r.js": "bin/r.js"
      },
      "engines": {
        "node": ">=0.4.0"
      }
    },
    "node_modules/requirejs-config-file": {
      "version": "3.1.2",
      "resolved": "https://registry.npmjs.org/requirejs-config-file/-/requirejs-config-file-3.1.2.tgz",
      "integrity": "sha512-sdLWywcDuNz7EIOhenSbRfT4YF84nItDv90coN2htbokjmU2QeyQuSBZILQUKNksepl8UPVU+hgYySFaDxbJPQ==",
      "license": "MIT",
      "dependencies": {
        "esprima": "^4.0.0",
        "make-dir": "^2.1.0",
        "stringify-object": "^3.2.1"
      },
      "engines": {
        "node": ">=6.0.0"
      }
    },
    "node_modules/requirejs-memfiles": {
      "version": "2.1.15-3",
      "resolved": "https://registry.npmjs.org/requirejs-memfiles/-/requirejs-memfiles-2.1.15-3.tgz",
      "integrity": "sha512-SShyaU/imM+y5ToCWPcivTYnYoUNaAwOtZTNm0iLHfunmfFFg28zOlXDf8XgOMpEdNGWo4rkpXFeuUcaMKVbkA==",
      "dependencies": {
        "requirejs": "2.1.15"
      }
    },
    "node_modules/requirejs-memfiles/node_modules/requirejs": {
      "version": "2.1.15",
      "resolved": "https://registry.npmjs.org/requirejs/-/requirejs-2.1.15.tgz",
      "integrity": "sha512-nofVLcptE+jWPtIaVfC6q2ddPdhSj+5eKGdPO02bXJWKfLQdFTgKE9l8abE8bRVvTr/1TmCTLfxzJT6pNsvUaA==",
      "bin": {
        "r.js": "bin/r.js"
      },
      "engines": {
        "node": ">=0.4.0"
      }
    },
    "node_modules/rollup": {
      "version": "0.66.2",
      "resolved": "https://registry.npmjs.org/rollup/-/rollup-0.66.2.tgz",
      "integrity": "sha512-+rOLjWO170M3Y2jyyGU4ZJuTu1T1KuKNyH+RszHRzQdsuI5TulRbkSM4vlaMnwcxHm4XdgBNZ1mmNzhQIImbiQ==",
      "license": "MIT",
      "dependencies": {
        "@types/estree": "0.0.39",
        "@types/node": "*"
      },
      "bin": {
        "rollup": "bin/rollup"
      }
    },
    "node_modules/rollup-plugin-amd": {
      "version": "3.0.0",
      "resolved": "https://registry.npmjs.org/rollup-plugin-amd/-/rollup-plugin-amd-3.0.0.tgz",
      "integrity": "sha512-nlazscW4UdlCKef12oxlombIWSicuHZDiY8fyU0dhpB7CQFb3JTX/qq17zDccn+K2QBbIvXlGdTusyQi5eMUIQ==",
      "license": "Apache-2.0",
      "dependencies": {
        "@buxlabs/amd-to-es6": "^0.12.0",
        "rollup-pluginutils": "^2.0.1"
      },
      "engines": {
        "node": ">=6"
      }
    },
    "node_modules/rollup-plugin-hypothetical": {
      "version": "2.1.0",
      "resolved": "https://registry.npmjs.org/rollup-plugin-hypothetical/-/rollup-plugin-hypothetical-2.1.0.tgz",
      "integrity": "sha512-MlxPQTkMtiRUtyhIJ7FpBvTzWtar8eFBA+V7/J6Deg9fSgIIHwL6bJKK1Wl1uWSWtOrWhOmtsMwb9F6aagP/Pg==",
      "license": "MIT",
      "engines": {
        "node": ">=0.12"
      }
    },
    "node_modules/rollup-pluginutils": {
      "version": "2.8.2",
      "resolved": "https://registry.npmjs.org/rollup-pluginutils/-/rollup-pluginutils-2.8.2.tgz",
      "integrity": "sha512-EEp9NhnUkwY8aif6bxgovPHMoMoNr2FulJziTndpt5H9RdwC47GSGuII9XxpSdzVGM0GWrNPHV6ie1LTNJPaLQ==",
      "license": "MIT",
      "dependencies": {
        "estree-walker": "^0.6.1"
      }
    },
    "node_modules/semver": {
      "version": "5.7.2",
      "resolved": "https://registry.npmjs.org/semver/-/semver-5.7.2.tgz",
      "integrity": "sha512-cBznnQ9KjJqU67B52RMC65CMarK2600WFnbkcaiwWq3xy/5haFJlshgnpjovMVJ+Hff49d8GEn0b87C5pDQ10g==",
      "license": "ISC",
      "bin": {
        "semver": "bin/semver"
      }
    },
    "node_modules/source-map": {
      "version": "0.6.1",
      "resolved": "https://registry.npmjs.org/source-map/-/source-map-0.6.1.tgz",
      "integrity": "sha512-UjgapumWlbMhkBgzT7Ykc5YXUT46F0iKu8SGXq0bcwP5dz/h0Plj6enJqjz1Zbq2l5WaqYnrVbwWOWMyF3F47g==",
      "license": "BSD-3-Clause",
      "optional": true,
      "engines": {
        "node": ">=0.10.0"
      }
    },
    "node_modules/stringify-object": {
      "version": "3.3.0",
      "resolved": "https://registry.npmjs.org/stringify-object/-/stringify-object-3.3.0.tgz",
      "integrity": "sha512-rHqiFh1elqCQ9WPLIC8I0Q/g/wj5J1eMkyoiD6eoQApWHP0FtlK7rqnhmabL5VUY9JQCcqwwvlOaSuutekgyrw==",
      "license": "BSD-2-Clause",
      "dependencies": {
        "get-own-enumerable-property-symbols": "^3.0.0",
        "is-obj": "^1.0.1",
        "is-regexp": "^1.0.0"
      },
      "engines": {
        "node": ">=4"
      }
    },
    "node_modules/to-ast": {
      "version": "1.0.0",
      "resolved": "https://registry.npmjs.org/to-ast/-/to-ast-1.0.0.tgz",
      "integrity": "sha512-FZpqARevv2F9BQZAeOx4b8F1tp07qqITCevw5spzKMC7ewcsP4y42kQosjctkAoROtzMNGbmD5n9ZN+vWmSN/Q==",
      "license": "MIT",
      "dependencies": {
        "ast-types": "^0.7.2",
        "esprima": "^2.1.0"
      }
    },
    "node_modules/to-ast/node_modules/esprima": {
      "version": "2.7.3",
      "resolved": "https://registry.npmjs.org/esprima/-/esprima-2.7.3.tgz",
      "integrity": "sha512-OarPfz0lFCiW4/AV2Oy1Rp9qu0iusTKqykwTspGCZtPxmF81JR4MmIebvF1F9+UOKth2ZubLQ4XGGaU+hSn99A==",
      "license": "BSD-2-Clause",
      "bin": {
        "esparse": "bin/esparse.js",
        "esvalidate": "bin/esvalidate.js"
      },
      "engines": {
        "node": ">=0.10.0"
      }
    },
    "node_modules/traverse-chain": {
      "version": "0.1.0",
      "resolved": "https://registry.npmjs.org/traverse-chain/-/traverse-chain-0.1.0.tgz",
      "integrity": "sha512-up6Yvai4PYKhpNp5PkYtx50m3KbwQrqDwbuZP/ItyL64YEWHAvH6Md83LFLV/GRSk/BoUVwwgUzX6SOQSbsfAg==",
      "license": "MIT"
    },
    "node_modules/type-check": {
      "version": "0.3.2",
      "resolved": "https://registry.npmjs.org/type-check/-/type-check-0.3.2.tgz",
      "integrity": "sha512-ZCmOJdvOWDBYJlzAoFkC+Q0+bUyEOS1ltgp1MGU03fqHG+dbi9tBFU2Rd9QKiDZFAYrhPh2JUf7rZRIuHRKtOg==",
      "license": "MIT",
      "dependencies": {
        "prelude-ls": "~1.1.2"
      },
      "engines": {
        "node": ">= 0.8.0"
      }
    },
    "node_modules/typescript": {
      "version": "3.1.1",
      "resolved": "https://registry.npmjs.org/typescript/-/typescript-3.1.1.tgz",
      "integrity": "sha512-Veu0w4dTc/9wlWNf2jeRInNodKlcdLgemvPsrNpfu5Pq39sgfFjvIIgTsvUHCoLBnMhPoUA+tFxsXjU6VexVRQ==",
      "license": "Apache-2.0",
      "bin": {
        "tsc": "bin/tsc",
        "tsserver": "bin/tsserver"
      },
      "engines": {
        "node": ">=4.2.0"
      }
    },
    "node_modules/undici-types": {
      "version": "7.16.0",
      "resolved": "https://registry.npmjs.org/undici-types/-/undici-types-7.16.0.tgz",
      "integrity": "sha512-Zz+aZWSj8LE6zoxD+xrjh4VfkIG8Ya6LvYkZqtUQGJPZjYl53ypCaUwWqo7eI0x66KBGeRo+mlBEkMSeSZ38Nw==",
      "license": "MIT"
    },
    "node_modules/word-wrap": {
      "version": "1.2.5",
      "resolved": "https://registry.npmjs.org/word-wrap/-/word-wrap-1.2.5.tgz",
      "integrity": "sha512-BN22B5eaMMI9UMtjrGd5g5eCYPpCPDUy0FJXbYsaT5zYxjFOckS53SQDE3pWkVoWpHXVb3BrYcEN4Twa55B5cA==",
      "license": "MIT",
      "engines": {
        "node": ">=0.10.0"
      }
    },
    "node_modules/wrappy": {
      "version": "1.0.2",
      "resolved": "https://registry.npmjs.org/wrappy/-/wrappy-1.0.2.tgz",
      "integrity": "sha512-l4Sp/DRseor9wL6EvV2+TuQn63dMkPjZ/sp9XkghTEbV9KlPS1xUsZ3u7/IQO4wxtcFB4bgpQPRcR3QCvezPcQ==",
      "license": "ISC"
    }
  }
}
