
Microsoft Visual Studio Solution File, Format Version 12.00
# Visual Studio 15
VisualStudioVersion = 15.0.26403.7
MinimumVisualStudioVersion = 10.0.40219.1
Project("{2150E333-8FDC-42A3-9474-1A3956D46DE8}") = "src", "src", "{D3B0CC01-206D-4612-94FC-3AE3A300153E}"
EndProject
Project("{2150E333-8FDC-42A3-9474-1A3956D46DE8}") = "Solution Items", "Solution Items", "{7B67F775-DBC7-4AF2-924D-E588FB317BF4}"
EndProject
Project("{9A19103F-16F7-4668-BE54-9A1E7A4F7556}") = "NetPack", "NetPack\NetPack.csproj", "{E1E950BC-453D-4341-9DA8-7795CCD33194}"
EndProject
Project("{9A19103F-16F7-4668-BE54-9A1E7A4F7556}") = "NetPack.Tests", "NetPack.Tests\NetPack.Tests.csproj", "{3C55FC57-3828-459F-9430-46955F421A51}"
EndProject
Global
	GlobalSection(SolutionConfigurationPlatforms) = preSolution
		Debug|Any CPU = Debug|Any CPU
		Release|Any CPU = Release|Any CPU
	EndGlobalSection
	GlobalSection(ProjectConfigurationPlatforms) = postSolution
		{E1E950BC-453D-4341-9DA8-7795CCD33194}.Debug|Any CPU.ActiveCfg = Debug|Any CPU
		{E1E950BC-453D-4341-9DA8-7795CCD33194}.Debug|Any CPU.Build.0 = Debug|Any CPU
		{E1E950BC-453D-4341-9DA8-7795CCD33194}.Release|Any CPU.ActiveCfg = Release|Any CPU
		{E1E950BC-453D-4341-9DA8-7795CCD33194}.Release|Any CPU.Build.0 = Release|Any CPU
		{3C55FC57-3828-459F-9430-46955F421A51}.Debug|Any CPU.ActiveCfg = Debug|Any CPU
		{3C55FC57-3828-459F-9430-46955F421A51}.Debug|Any CPU.Build.0 = Debug|Any CPU
		{3C55FC57-3828-459F-9430-46955F421A51}.Release|Any CPU.ActiveCfg = Release|Any CPU
		{3C55FC57-3828-459F-9430-46955F421A51}.Release|Any CPU.Build.0 = Release|Any CPU
	EndGlobalSection
	GlobalSection(SolutionProperties) = preSolution
		HideSolutionNode = FALSE
	EndGlobalSection
	GlobalSection(NestedProjects) = preSolution
		{E1E950BC-453D-4341-9DA8-7795CCD33194} = {D3B0CC01-206D-4612-94FC-3AE3A300153E}
		{3C55FC57-3828-459F-9430-46955F421A51} = {D3B0CC01-206D-4612-94FC-3AE3A300153E}
	EndGlobalSection
EndGlobal
