
Microsoft Visual Studio Solution File, Format Version 12.00
# Visual Studio Version 16
VisualStudioVersion = 16.0.29021.104
MinimumVisualStudioVersion = 10.0.40219.1
Project("{2150E333-8FDC-42A3-9474-1A3956D46DE8}") = "src", "src", "{D3B0CC01-206D-4612-94FC-3AE3A300153E}"
EndProject
Project("{2150E333-8FDC-42A3-9474-1A3956D46DE8}") = "Solution Items", "Solution Items", "{7B67F775-DBC7-4AF2-924D-E588FB317BF4}"
	ProjectSection(SolutionItems) = preProject
		.eslintignore = .eslintignore
		..\appveyor.yml = ..\appveyor.yml
		..\build.cake = ..\build.cake
		..\build.cmd = ..\build.cmd
		..\build.ps1 = ..\build.ps1
		global.json = global.json
		..\README.md = ..\README.md
	EndProjectSection
EndProject
Project("{9A19103F-16F7-4668-BE54-9A1E7A4F7556}") = "NetPack", "NetPack\NetPack.csproj", "{E1E950BC-453D-4341-9DA8-7795CCD33194}"
EndProject
Project("{9A19103F-16F7-4668-BE54-9A1E7A4F7556}") = "NetPack.Web", "NetPack.Web\NetPack.Web.csproj", "{9290FF29-F927-4462-AF4D-F370C4BBD875}"
EndProject
Project("{9A19103F-16F7-4668-BE54-9A1E7A4F7556}") = "NetPack.Typescript", "NetPack.Typescript\NetPack.Typescript.csproj", "{B657AD4B-15AD-4E3A-B9F4-BD7DA4D02CB1}"
EndProject
Project("{9A19103F-16F7-4668-BE54-9A1E7A4F7556}") = "NetPack.Typescript.Tests", "NetPack.Typescript.Tests\NetPack.Typescript.Tests.csproj", "{DF350DA6-7C97-4DB9-A8AA-C3D4D9A29043}"
EndProject
Project("{9A19103F-16F7-4668-BE54-9A1E7A4F7556}") = "NetPack.RequireJs", "NetPack.RequireJs\NetPack.RequireJs.csproj", "{BAD77F92-C1C0-4527-9944-9F1DACD9EE23}"
EndProject
Project("{9A19103F-16F7-4668-BE54-9A1E7A4F7556}") = "NetPack.RequireJs.Tests", "NetPack.RequireJs.Tests\NetPack.RequireJs.Tests.csproj", "{67B3818F-7624-4BB7-85E1-1F5831C151F1}"
EndProject
Project("{9A19103F-16F7-4668-BE54-9A1E7A4F7556}") = "NetPack.Web.Tests", "NetPack.Web.Tests\NetPack.Web.Tests.csproj", "{D638BF9C-A74F-49B6-8CAA-9001B44B5F08}"
EndProject
Project("{9A19103F-16F7-4668-BE54-9A1E7A4F7556}") = "NetPack.Tests", "NetPack.Tests\NetPack.Tests.csproj", "{3C55FC57-3828-459F-9430-46955F421A51}"
EndProject
Project("{9A19103F-16F7-4668-BE54-9A1E7A4F7556}") = "NetPack.RequireJs.TagHelpers", "NetPack.RequireJs.TagHelpers\NetPack.RequireJs.TagHelpers.csproj", "{261D76B9-9EC3-42BB-BCEE-548985415662}"
EndProject
Project("{9A19103F-16F7-4668-BE54-9A1E7A4F7556}") = "NetPack.Rollup", "NetPack.Rollup\NetPack.Rollup.csproj", "{159A2AC0-2E7E-48CD-8B4E-99F030A5ECC7}"
EndProject
Project("{9A19103F-16F7-4668-BE54-9A1E7A4F7556}") = "NetPack.Rollup.Tests", "NetPack.Rollup.Tests\NetPack.Rollup.Tests.csproj", "{1EA9AD3B-25F8-4251-981D-7E61A66CE915}"
EndProject
Project("{9A19103F-16F7-4668-BE54-9A1E7A4F7556}") = "NetPack.BrowserReload", "NetPack.BrowserReload\NetPack.BrowserReload.csproj", "{EFA93BE2-4535-47C4-B7AB-52CCCFD1BD6C}"
EndProject
Project("{9A19103F-16F7-4668-BE54-9A1E7A4F7556}") = "NetPack.HotModuleReload", "NetPack.HotModuleReload\NetPack.HotModuleReload.csproj", "{63FDD53F-2C0B-4337-B85A-8517BAECCD28}"
EndProject
Project("{9A19103F-16F7-4668-BE54-9A1E7A4F7556}") = "NetPack.HotModuleReload.TagHelpers", "NetPack.HotModuleReload.TagHelpers\NetPack.HotModuleReload.TagHelpers.csproj", "{DFD52273-021D-4D72-A991-27D870C67847}"
EndProject
Project("{9A19103F-16F7-4668-BE54-9A1E7A4F7556}") = "NetPack.Zip", "NetPack.Zip\NetPack.Zip.csproj", "{F485D100-6544-435C-AA15-CFE90E3D106A}"
EndProject
Project("{9A19103F-16F7-4668-BE54-9A1E7A4F7556}") = "NetPack.Zip.Tests", "NetPack.Zip.Tests\NetPack.Zip.Tests.csproj", "{0394420A-5657-4FC9-AA6F-74178B5E7993}"
EndProject
Project("{9A19103F-16F7-4668-BE54-9A1E7A4F7556}") = "NetPack.Process", "NetPack.Process\NetPack.Process.csproj", "{06E139B7-898F-41E7-BB99-E3AE965C46FA}"
EndProject
Project("{2150E333-8FDC-42A3-9474-1A3956D46DE8}") = "samples", "samples", "{7FAF5BB6-6910-4FE7-80C2-D38CB122BBDF}"
EndProject
Project("{FAE04EC0-301F-11D3-BF4B-00C04F79EFBC}") = "NetPack.JsMin", "NetPack.JsMin\NetPack.JsMin.csproj", "{C6388B1D-22B0-4F9A-A9FB-E12F7ED0B7C9}"
EndProject
Project("{FAE04EC0-301F-11D3-BF4B-00C04F79EFBC}") = "NetPack.JsMin.Tests", "NetPack.JsMin.Tests\NetPack.JsMin.Tests.csproj", "{87C194A5-8AA3-453B-BFE7-58E034307AAE}"
EndProject
Global
	GlobalSection(SolutionConfigurationPlatforms) = preSolution
		Debug|Any CPU = Debug|Any CPU
		Release|Any CPU = Release|Any CPU
	EndGlobalSection
	GlobalSection(ProjectConfigurationPlatforms) = postSolution
		{E1E950BC-453D-4341-9DA8-7795CCD33194}.Debug|Any CPU.ActiveCfg = Debug|Any CPU
		{E1E950BC-453D-4341-9DA8-7795CCD33194}.Debug|Any CPU.Build.0 = Debug|Any CPU
		{E1E950BC-453D-4341-9DA8-7795CCD33194}.Release|Any CPU.ActiveCfg = Release|Any CPU
		{E1E950BC-453D-4341-9DA8-7795CCD33194}.Release|Any CPU.Build.0 = Release|Any CPU
		{9290FF29-F927-4462-AF4D-F370C4BBD875}.Debug|Any CPU.ActiveCfg = Debug|Any CPU
		{9290FF29-F927-4462-AF4D-F370C4BBD875}.Debug|Any CPU.Build.0 = Debug|Any CPU
		{9290FF29-F927-4462-AF4D-F370C4BBD875}.Release|Any CPU.ActiveCfg = Release|Any CPU
		{9290FF29-F927-4462-AF4D-F370C4BBD875}.Release|Any CPU.Build.0 = Release|Any CPU
		{B657AD4B-15AD-4E3A-B9F4-BD7DA4D02CB1}.Debug|Any CPU.ActiveCfg = Debug|Any CPU
		{B657AD4B-15AD-4E3A-B9F4-BD7DA4D02CB1}.Debug|Any CPU.Build.0 = Debug|Any CPU
		{B657AD4B-15AD-4E3A-B9F4-BD7DA4D02CB1}.Release|Any CPU.ActiveCfg = Release|Any CPU
		{B657AD4B-15AD-4E3A-B9F4-BD7DA4D02CB1}.Release|Any CPU.Build.0 = Release|Any CPU
		{DF350DA6-7C97-4DB9-A8AA-C3D4D9A29043}.Debug|Any CPU.ActiveCfg = Debug|Any CPU
		{DF350DA6-7C97-4DB9-A8AA-C3D4D9A29043}.Debug|Any CPU.Build.0 = Debug|Any CPU
		{DF350DA6-7C97-4DB9-A8AA-C3D4D9A29043}.Release|Any CPU.ActiveCfg = Release|Any CPU
		{DF350DA6-7C97-4DB9-A8AA-C3D4D9A29043}.Release|Any CPU.Build.0 = Release|Any CPU
		{BAD77F92-C1C0-4527-9944-9F1DACD9EE23}.Debug|Any CPU.ActiveCfg = Debug|Any CPU
		{BAD77F92-C1C0-4527-9944-9F1DACD9EE23}.Debug|Any CPU.Build.0 = Debug|Any CPU
		{BAD77F92-C1C0-4527-9944-9F1DACD9EE23}.Release|Any CPU.ActiveCfg = Release|Any CPU
		{BAD77F92-C1C0-4527-9944-9F1DACD9EE23}.Release|Any CPU.Build.0 = Release|Any CPU
		{67B3818F-7624-4BB7-85E1-1F5831C151F1}.Debug|Any CPU.ActiveCfg = Debug|Any CPU
		{67B3818F-7624-4BB7-85E1-1F5831C151F1}.Debug|Any CPU.Build.0 = Debug|Any CPU
		{67B3818F-7624-4BB7-85E1-1F5831C151F1}.Release|Any CPU.ActiveCfg = Release|Any CPU
		{67B3818F-7624-4BB7-85E1-1F5831C151F1}.Release|Any CPU.Build.0 = Release|Any CPU
		{D638BF9C-A74F-49B6-8CAA-9001B44B5F08}.Debug|Any CPU.ActiveCfg = Debug|Any CPU
		{D638BF9C-A74F-49B6-8CAA-9001B44B5F08}.Debug|Any CPU.Build.0 = Debug|Any CPU
		{D638BF9C-A74F-49B6-8CAA-9001B44B5F08}.Release|Any CPU.ActiveCfg = Release|Any CPU
		{D638BF9C-A74F-49B6-8CAA-9001B44B5F08}.Release|Any CPU.Build.0 = Release|Any CPU
		{3C55FC57-3828-459F-9430-46955F421A51}.Debug|Any CPU.ActiveCfg = Debug|Any CPU
		{3C55FC57-3828-459F-9430-46955F421A51}.Debug|Any CPU.Build.0 = Debug|Any CPU
		{3C55FC57-3828-459F-9430-46955F421A51}.Release|Any CPU.ActiveCfg = Release|Any CPU
		{3C55FC57-3828-459F-9430-46955F421A51}.Release|Any CPU.Build.0 = Release|Any CPU
		{261D76B9-9EC3-42BB-BCEE-548985415662}.Debug|Any CPU.ActiveCfg = Debug|Any CPU
		{261D76B9-9EC3-42BB-BCEE-548985415662}.Debug|Any CPU.Build.0 = Debug|Any CPU
		{261D76B9-9EC3-42BB-BCEE-548985415662}.Release|Any CPU.ActiveCfg = Release|Any CPU
		{261D76B9-9EC3-42BB-BCEE-548985415662}.Release|Any CPU.Build.0 = Release|Any CPU
		{159A2AC0-2E7E-48CD-8B4E-99F030A5ECC7}.Debug|Any CPU.ActiveCfg = Debug|Any CPU
		{159A2AC0-2E7E-48CD-8B4E-99F030A5ECC7}.Debug|Any CPU.Build.0 = Debug|Any CPU
		{159A2AC0-2E7E-48CD-8B4E-99F030A5ECC7}.Release|Any CPU.ActiveCfg = Release|Any CPU
		{159A2AC0-2E7E-48CD-8B4E-99F030A5ECC7}.Release|Any CPU.Build.0 = Release|Any CPU
		{1EA9AD3B-25F8-4251-981D-7E61A66CE915}.Debug|Any CPU.ActiveCfg = Debug|Any CPU
		{1EA9AD3B-25F8-4251-981D-7E61A66CE915}.Debug|Any CPU.Build.0 = Debug|Any CPU
		{1EA9AD3B-25F8-4251-981D-7E61A66CE915}.Release|Any CPU.ActiveCfg = Release|Any CPU
		{1EA9AD3B-25F8-4251-981D-7E61A66CE915}.Release|Any CPU.Build.0 = Release|Any CPU
		{EFA93BE2-4535-47C4-B7AB-52CCCFD1BD6C}.Debug|Any CPU.ActiveCfg = Debug|Any CPU
		{EFA93BE2-4535-47C4-B7AB-52CCCFD1BD6C}.Debug|Any CPU.Build.0 = Debug|Any CPU
		{EFA93BE2-4535-47C4-B7AB-52CCCFD1BD6C}.Release|Any CPU.ActiveCfg = Release|Any CPU
		{EFA93BE2-4535-47C4-B7AB-52CCCFD1BD6C}.Release|Any CPU.Build.0 = Release|Any CPU
		{63FDD53F-2C0B-4337-B85A-8517BAECCD28}.Debug|Any CPU.ActiveCfg = Debug|Any CPU
		{63FDD53F-2C0B-4337-B85A-8517BAECCD28}.Debug|Any CPU.Build.0 = Debug|Any CPU
		{63FDD53F-2C0B-4337-B85A-8517BAECCD28}.Release|Any CPU.ActiveCfg = Release|Any CPU
		{63FDD53F-2C0B-4337-B85A-8517BAECCD28}.Release|Any CPU.Build.0 = Release|Any CPU
		{DFD52273-021D-4D72-A991-27D870C67847}.Debug|Any CPU.ActiveCfg = Debug|Any CPU
		{DFD52273-021D-4D72-A991-27D870C67847}.Debug|Any CPU.Build.0 = Debug|Any CPU
		{DFD52273-021D-4D72-A991-27D870C67847}.Release|Any CPU.ActiveCfg = Release|Any CPU
		{DFD52273-021D-4D72-A991-27D870C67847}.Release|Any CPU.Build.0 = Release|Any CPU
		{F485D100-6544-435C-AA15-CFE90E3D106A}.Debug|Any CPU.ActiveCfg = Debug|Any CPU
		{F485D100-6544-435C-AA15-CFE90E3D106A}.Debug|Any CPU.Build.0 = Debug|Any CPU
		{F485D100-6544-435C-AA15-CFE90E3D106A}.Release|Any CPU.ActiveCfg = Release|Any CPU
		{F485D100-6544-435C-AA15-CFE90E3D106A}.Release|Any CPU.Build.0 = Release|Any CPU
		{0394420A-5657-4FC9-AA6F-74178B5E7993}.Debug|Any CPU.ActiveCfg = Debug|Any CPU
		{0394420A-5657-4FC9-AA6F-74178B5E7993}.Debug|Any CPU.Build.0 = Debug|Any CPU
		{0394420A-5657-4FC9-AA6F-74178B5E7993}.Release|Any CPU.ActiveCfg = Release|Any CPU
		{0394420A-5657-4FC9-AA6F-74178B5E7993}.Release|Any CPU.Build.0 = Release|Any CPU
		{06E139B7-898F-41E7-BB99-E3AE965C46FA}.Debug|Any CPU.ActiveCfg = Debug|Any CPU
		{06E139B7-898F-41E7-BB99-E3AE965C46FA}.Debug|Any CPU.Build.0 = Debug|Any CPU
		{06E139B7-898F-41E7-BB99-E3AE965C46FA}.Release|Any CPU.ActiveCfg = Release|Any CPU
		{06E139B7-898F-41E7-BB99-E3AE965C46FA}.Release|Any CPU.Build.0 = Release|Any CPU
		{C6388B1D-22B0-4F9A-A9FB-E12F7ED0B7C9}.Debug|Any CPU.ActiveCfg = Debug|Any CPU
		{C6388B1D-22B0-4F9A-A9FB-E12F7ED0B7C9}.Debug|Any CPU.Build.0 = Debug|Any CPU
		{C6388B1D-22B0-4F9A-A9FB-E12F7ED0B7C9}.Release|Any CPU.ActiveCfg = Release|Any CPU
		{C6388B1D-22B0-4F9A-A9FB-E12F7ED0B7C9}.Release|Any CPU.Build.0 = Release|Any CPU
		{87C194A5-8AA3-453B-BFE7-58E034307AAE}.Debug|Any CPU.ActiveCfg = Debug|Any CPU
		{87C194A5-8AA3-453B-BFE7-58E034307AAE}.Debug|Any CPU.Build.0 = Debug|Any CPU
		{87C194A5-8AA3-453B-BFE7-58E034307AAE}.Release|Any CPU.ActiveCfg = Release|Any CPU
		{87C194A5-8AA3-453B-BFE7-58E034307AAE}.Release|Any CPU.Build.0 = Release|Any CPU
	EndGlobalSection
	GlobalSection(SolutionProperties) = preSolution
		HideSolutionNode = FALSE
	EndGlobalSection
	GlobalSection(NestedProjects) = preSolution
		{E1E950BC-453D-4341-9DA8-7795CCD33194} = {D3B0CC01-206D-4612-94FC-3AE3A300153E}
		{9290FF29-F927-4462-AF4D-F370C4BBD875} = {7FAF5BB6-6910-4FE7-80C2-D38CB122BBDF}
		{B657AD4B-15AD-4E3A-B9F4-BD7DA4D02CB1} = {D3B0CC01-206D-4612-94FC-3AE3A300153E}
		{DF350DA6-7C97-4DB9-A8AA-C3D4D9A29043} = {D3B0CC01-206D-4612-94FC-3AE3A300153E}
		{BAD77F92-C1C0-4527-9944-9F1DACD9EE23} = {D3B0CC01-206D-4612-94FC-3AE3A300153E}
		{67B3818F-7624-4BB7-85E1-1F5831C151F1} = {D3B0CC01-206D-4612-94FC-3AE3A300153E}
		{D638BF9C-A74F-49B6-8CAA-9001B44B5F08} = {D3B0CC01-206D-4612-94FC-3AE3A300153E}
		{3C55FC57-3828-459F-9430-46955F421A51} = {D3B0CC01-206D-4612-94FC-3AE3A300153E}
		{261D76B9-9EC3-42BB-BCEE-548985415662} = {D3B0CC01-206D-4612-94FC-3AE3A300153E}
		{159A2AC0-2E7E-48CD-8B4E-99F030A5ECC7} = {D3B0CC01-206D-4612-94FC-3AE3A300153E}
		{1EA9AD3B-25F8-4251-981D-7E61A66CE915} = {D3B0CC01-206D-4612-94FC-3AE3A300153E}
		{EFA93BE2-4535-47C4-B7AB-52CCCFD1BD6C} = {D3B0CC01-206D-4612-94FC-3AE3A300153E}
		{63FDD53F-2C0B-4337-B85A-8517BAECCD28} = {D3B0CC01-206D-4612-94FC-3AE3A300153E}
		{DFD52273-021D-4D72-A991-27D870C67847} = {D3B0CC01-206D-4612-94FC-3AE3A300153E}
		{F485D100-6544-435C-AA15-CFE90E3D106A} = {D3B0CC01-206D-4612-94FC-3AE3A300153E}
		{0394420A-5657-4FC9-AA6F-74178B5E7993} = {D3B0CC01-206D-4612-94FC-3AE3A300153E}
		{06E139B7-898F-41E7-BB99-E3AE965C46FA} = {D3B0CC01-206D-4612-94FC-3AE3A300153E}
		{C6388B1D-22B0-4F9A-A9FB-E12F7ED0B7C9} = {D3B0CC01-206D-4612-94FC-3AE3A300153E}
		{87C194A5-8AA3-453B-BFE7-58E034307AAE} = {D3B0CC01-206D-4612-94FC-3AE3A300153E}
	EndGlobalSection
	GlobalSection(ExtensibilityGlobals) = postSolution
		SolutionGuid = {6F97B401-084D-46B4-A4FD-53F4E50B4048}
	EndGlobalSection
EndGlobal
