
Microsoft Visual Studio Solution File, Format Version 12.00
# Visual Studio 15
VisualStudioVersion = 15.0.28010.2019
MinimumVisualStudioVersion = 10.0.40219.1
Project("{2150E333-8FDC-42A3-9474-1A3956D46DE8}") = "src", "src", "{D3B0CC01-206D-4612-94FC-3AE3A300153E}"
EndProject
Project("{2150E333-8FDC-42A3-9474-1A3956D46DE8}") = "Solution Items", "Solution Items", "{7B67F775-DBC7-4AF2-924D-E588FB317BF4}"
	ProjectSection(SolutionItems) = preProject
		.eslintignore = .eslintignore
		..\appveyor.yml = ..\appveyor.yml
		..\build.cake = ..\build.cake
		..\build.cmd = ..\build.cmd
		..\build.ps1 = ..\build.ps1
	EndProjectSection
EndProject
Project("{9A19103F-16F7-4668-BE54-9A1E7A4F7556}") = "NetPack", "NetPack\NetPack.csproj", "{E1E950BC-453D-4341-9DA8-7795CCD33194}"
EndProject
Project("{9A19103F-16F7-4668-BE54-9A1E7A4F7556}") = "NetPack.Web", "NetPack.Web\NetPack.Web.csproj", "{9290FF29-F927-4462-AF4D-F370C4BBD875}"
EndProject
Project("{9A19103F-16F7-4668-BE54-9A1E7A4F7556}") = "NetPack.Typescript", "NetPack.Typescript\NetPack.Typescript.csproj", "{B657AD4B-15AD-4E3A-B9F4-BD7DA4D02CB1}"
EndProject
Project("{9A19103F-16F7-4668-BE54-9A1E7A4F7556}") = "NetPack.Typescript.Tests", "NetPack.Typescript.Tests\NetPack.Typescript.Tests.csproj", "{DF350DA6-7C97-4DB9-A8AA-C3D4D9A29043}"
EndProject
Project("{9A19103F-16F7-4668-BE54-9A1E7A4F7556}") = "NetPack.RequireJs", "NetPack.RequireJs\NetPack.RequireJs.csproj", "{BAD77F92-C1C0-4527-9944-9F1DACD9EE23}"
EndProject
Project("{9A19103F-16F7-4668-BE54-9A1E7A4F7556}") = "NetPack.RequireJs.Tests", "NetPack.RequireJs.Tests\NetPack.RequireJs.Tests.csproj", "{67B3818F-7624-4BB7-85E1-1F5831C151F1}"
EndProject
Project("{9A19103F-16F7-4668-BE54-9A1E7A4F7556}") = "NetPack.Web.Tests", "NetPack.Web.Tests\NetPack.Web.Tests.csproj", "{D638BF9C-A74F-49B6-8CAA-9001B44B5F08}"
EndProject
Project("{9A19103F-16F7-4668-BE54-9A1E7A4F7556}") = "NetPack.Tests", "NetPack.Tests\NetPack.Tests.csproj", "{3C55FC57-3828-459F-9430-46955F421A51}"
EndProject
Project("{9A19103F-16F7-4668-BE54-9A1E7A4F7556}") = "NetPack.JsCombine", "NetPack.JsCombine\NetPack.JsCombine.csproj", "{D9CA4DD3-48DF-4160-BF86-9A3AD10B339B}"
EndProject
Project("{9A19103F-16F7-4668-BE54-9A1E7A4F7556}") = "NetPack.JsCombine.Tests", "NetPack.JsCombine.Tests\NetPack.JsCombine.Tests.csproj", "{E9FF3F0D-4A0F-43E9-9FED-CD07F406E73C}"
EndProject
Project("{9A19103F-16F7-4668-BE54-9A1E7A4F7556}") = "NetPack.RequireJs.TagHelpers", "NetPack.RequireJs.TagHelpers\NetPack.RequireJs.TagHelpers.csproj", "{261D76B9-9EC3-42BB-BCEE-548985415662}"
EndProject
Project("{9A19103F-16F7-4668-BE54-9A1E7A4F7556}") = "NetPack.JsMin", "NetPack.JsMin\NetPack.JsMin.csproj", "{CB1E2D47-0AD4-4548-8F11-A23EC97E6710}"
EndProject
Project("{9A19103F-16F7-4668-BE54-9A1E7A4F7556}") = "NetPack.JsMin.Tests", "NetPack.JsMin.Tests\NetPack.JsMin.Tests.csproj", "{989CED5B-9C15-4E4E-A86B-9E0C910114B0}"
EndProject
Project("{9A19103F-16F7-4668-BE54-9A1E7A4F7556}") = "Dazinator.AspNet.Extensions.FileProviders", "Dazinator.AspNet.Extensions.FileProviders\Dazinator.AspNet.Extensions.FileProviders.csproj", "{77E9DEBB-DED5-4334-8CD6-466739CFC355}"
EndProject
Global
	GlobalSection(SolutionConfigurationPlatforms) = preSolution
		Debug|Any CPU = Debug|Any CPU
		Release|Any CPU = Release|Any CPU
	EndGlobalSection
	GlobalSection(ProjectConfigurationPlatforms) = postSolution
		{E1E950BC-453D-4341-9DA8-7795CCD33194}.Debug|Any CPU.ActiveCfg = Debug|Any CPU
		{E1E950BC-453D-4341-9DA8-7795CCD33194}.Debug|Any CPU.Build.0 = Debug|Any CPU
		{E1E950BC-453D-4341-9DA8-7795CCD33194}.Release|Any CPU.ActiveCfg = Release|Any CPU
		{E1E950BC-453D-4341-9DA8-7795CCD33194}.Release|Any CPU.Build.0 = Release|Any CPU
		{9290FF29-F927-4462-AF4D-F370C4BBD875}.Debug|Any CPU.ActiveCfg = Debug|Any CPU
		{9290FF29-F927-4462-AF4D-F370C4BBD875}.Debug|Any CPU.Build.0 = Debug|Any CPU
		{9290FF29-F927-4462-AF4D-F370C4BBD875}.Release|Any CPU.ActiveCfg = Release|Any CPU
		{9290FF29-F927-4462-AF4D-F370C4BBD875}.Release|Any CPU.Build.0 = Release|Any CPU
		{B657AD4B-15AD-4E3A-B9F4-BD7DA4D02CB1}.Debug|Any CPU.ActiveCfg = Debug|Any CPU
		{B657AD4B-15AD-4E3A-B9F4-BD7DA4D02CB1}.Debug|Any CPU.Build.0 = Debug|Any CPU
		{B657AD4B-15AD-4E3A-B9F4-BD7DA4D02CB1}.Release|Any CPU.ActiveCfg = Release|Any CPU
		{B657AD4B-15AD-4E3A-B9F4-BD7DA4D02CB1}.Release|Any CPU.Build.0 = Release|Any CPU
		{DF350DA6-7C97-4DB9-A8AA-C3D4D9A29043}.Debug|Any CPU.ActiveCfg = Debug|Any CPU
		{DF350DA6-7C97-4DB9-A8AA-C3D4D9A29043}.Debug|Any CPU.Build.0 = Debug|Any CPU
		{DF350DA6-7C97-4DB9-A8AA-C3D4D9A29043}.Release|Any CPU.ActiveCfg = Release|Any CPU
		{DF350DA6-7C97-4DB9-A8AA-C3D4D9A29043}.Release|Any CPU.Build.0 = Release|Any CPU
		{BAD77F92-C1C0-4527-9944-9F1DACD9EE23}.Debug|Any CPU.ActiveCfg = Debug|Any CPU
		{BAD77F92-C1C0-4527-9944-9F1DACD9EE23}.Debug|Any CPU.Build.0 = Debug|Any CPU
		{BAD77F92-C1C0-4527-9944-9F1DACD9EE23}.Release|Any CPU.ActiveCfg = Release|Any CPU
		{BAD77F92-C1C0-4527-9944-9F1DACD9EE23}.Release|Any CPU.Build.0 = Release|Any CPU
		{67B3818F-7624-4BB7-85E1-1F5831C151F1}.Debug|Any CPU.ActiveCfg = Debug|Any CPU
		{67B3818F-7624-4BB7-85E1-1F5831C151F1}.Debug|Any CPU.Build.0 = Debug|Any CPU
		{67B3818F-7624-4BB7-85E1-1F5831C151F1}.Release|Any CPU.ActiveCfg = Release|Any CPU
		{67B3818F-7624-4BB7-85E1-1F5831C151F1}.Release|Any CPU.Build.0 = Release|Any CPU
		{D638BF9C-A74F-49B6-8CAA-9001B44B5F08}.Debug|Any CPU.ActiveCfg = Debug|Any CPU
		{D638BF9C-A74F-49B6-8CAA-9001B44B5F08}.Debug|Any CPU.Build.0 = Debug|Any CPU
		{D638BF9C-A74F-49B6-8CAA-9001B44B5F08}.Release|Any CPU.ActiveCfg = Release|Any CPU
		{D638BF9C-A74F-49B6-8CAA-9001B44B5F08}.Release|Any CPU.Build.0 = Release|Any CPU
		{3C55FC57-3828-459F-9430-46955F421A51}.Debug|Any CPU.ActiveCfg = Debug|Any CPU
		{3C55FC57-3828-459F-9430-46955F421A51}.Debug|Any CPU.Build.0 = Debug|Any CPU
		{3C55FC57-3828-459F-9430-46955F421A51}.Release|Any CPU.ActiveCfg = Release|Any CPU
		{3C55FC57-3828-459F-9430-46955F421A51}.Release|Any CPU.Build.0 = Release|Any CPU
		{D9CA4DD3-48DF-4160-BF86-9A3AD10B339B}.Debug|Any CPU.ActiveCfg = Debug|Any CPU
		{D9CA4DD3-48DF-4160-BF86-9A3AD10B339B}.Debug|Any CPU.Build.0 = Debug|Any CPU
		{D9CA4DD3-48DF-4160-BF86-9A3AD10B339B}.Release|Any CPU.ActiveCfg = Release|Any CPU
		{D9CA4DD3-48DF-4160-BF86-9A3AD10B339B}.Release|Any CPU.Build.0 = Release|Any CPU
		{E9FF3F0D-4A0F-43E9-9FED-CD07F406E73C}.Debug|Any CPU.ActiveCfg = Debug|Any CPU
		{E9FF3F0D-4A0F-43E9-9FED-CD07F406E73C}.Debug|Any CPU.Build.0 = Debug|Any CPU
		{E9FF3F0D-4A0F-43E9-9FED-CD07F406E73C}.Release|Any CPU.ActiveCfg = Release|Any CPU
		{E9FF3F0D-4A0F-43E9-9FED-CD07F406E73C}.Release|Any CPU.Build.0 = Release|Any CPU
		{261D76B9-9EC3-42BB-BCEE-548985415662}.Debug|Any CPU.ActiveCfg = Debug|Any CPU
		{261D76B9-9EC3-42BB-BCEE-548985415662}.Debug|Any CPU.Build.0 = Debug|Any CPU
		{261D76B9-9EC3-42BB-BCEE-548985415662}.Release|Any CPU.ActiveCfg = Release|Any CPU
		{261D76B9-9EC3-42BB-BCEE-548985415662}.Release|Any CPU.Build.0 = Release|Any CPU
		{CB1E2D47-0AD4-4548-8F11-A23EC97E6710}.Debug|Any CPU.ActiveCfg = Debug|Any CPU
		{CB1E2D47-0AD4-4548-8F11-A23EC97E6710}.Debug|Any CPU.Build.0 = Debug|Any CPU
		{CB1E2D47-0AD4-4548-8F11-A23EC97E6710}.Release|Any CPU.ActiveCfg = Release|Any CPU
		{CB1E2D47-0AD4-4548-8F11-A23EC97E6710}.Release|Any CPU.Build.0 = Release|Any CPU
		{989CED5B-9C15-4E4E-A86B-9E0C910114B0}.Debug|Any CPU.ActiveCfg = Debug|Any CPU
		{989CED5B-9C15-4E4E-A86B-9E0C910114B0}.Debug|Any CPU.Build.0 = Debug|Any CPU
		{989CED5B-9C15-4E4E-A86B-9E0C910114B0}.Release|Any CPU.ActiveCfg = Release|Any CPU
		{989CED5B-9C15-4E4E-A86B-9E0C910114B0}.Release|Any CPU.Build.0 = Release|Any CPU
		{77E9DEBB-DED5-4334-8CD6-466739CFC355}.Debug|Any CPU.ActiveCfg = Debug|Any CPU
		{77E9DEBB-DED5-4334-8CD6-466739CFC355}.Debug|Any CPU.Build.0 = Debug|Any CPU
		{77E9DEBB-DED5-4334-8CD6-466739CFC355}.Release|Any CPU.ActiveCfg = Release|Any CPU
		{77E9DEBB-DED5-4334-8CD6-466739CFC355}.Release|Any CPU.Build.0 = Release|Any CPU
	EndGlobalSection
	GlobalSection(SolutionProperties) = preSolution
		HideSolutionNode = FALSE
	EndGlobalSection
	GlobalSection(NestedProjects) = preSolution
		{E1E950BC-453D-4341-9DA8-7795CCD33194} = {D3B0CC01-206D-4612-94FC-3AE3A300153E}
		{9290FF29-F927-4462-AF4D-F370C4BBD875} = {D3B0CC01-206D-4612-94FC-3AE3A300153E}
		{B657AD4B-15AD-4E3A-B9F4-BD7DA4D02CB1} = {D3B0CC01-206D-4612-94FC-3AE3A300153E}
		{DF350DA6-7C97-4DB9-A8AA-C3D4D9A29043} = {D3B0CC01-206D-4612-94FC-3AE3A300153E}
		{BAD77F92-C1C0-4527-9944-9F1DACD9EE23} = {D3B0CC01-206D-4612-94FC-3AE3A300153E}
		{67B3818F-7624-4BB7-85E1-1F5831C151F1} = {D3B0CC01-206D-4612-94FC-3AE3A300153E}
		{D638BF9C-A74F-49B6-8CAA-9001B44B5F08} = {D3B0CC01-206D-4612-94FC-3AE3A300153E}
		{3C55FC57-3828-459F-9430-46955F421A51} = {D3B0CC01-206D-4612-94FC-3AE3A300153E}
		{D9CA4DD3-48DF-4160-BF86-9A3AD10B339B} = {D3B0CC01-206D-4612-94FC-3AE3A300153E}
		{E9FF3F0D-4A0F-43E9-9FED-CD07F406E73C} = {D3B0CC01-206D-4612-94FC-3AE3A300153E}
		{261D76B9-9EC3-42BB-BCEE-548985415662} = {D3B0CC01-206D-4612-94FC-3AE3A300153E}
		{CB1E2D47-0AD4-4548-8F11-A23EC97E6710} = {D3B0CC01-206D-4612-94FC-3AE3A300153E}
		{989CED5B-9C15-4E4E-A86B-9E0C910114B0} = {D3B0CC01-206D-4612-94FC-3AE3A300153E}
		{77E9DEBB-DED5-4334-8CD6-466739CFC355} = {D3B0CC01-206D-4612-94FC-3AE3A300153E}
	EndGlobalSection
	GlobalSection(ExtensibilityGlobals) = postSolution
		SolutionGuid = {6F97B401-084D-46B4-A4FD-53F4E50B4048}
	EndGlobalSection
EndGlobal
